// !$*UTF8*$!
{
	archiveVersion = 1;
	classes = {
	};
	objectVersion = 46;
	objects = {

/* Begin PBXBuildFile section */
		F461B6151B39B41B00A0104F /* AppDelegate.swift in Sources */ = {isa = PBXBuildFile; fileRef = F461B6141B39B41B00A0104F /* AppDelegate.swift */; };
		F461B6171B39B41B00A0104F /* ViewController.swift in Sources */ = {isa = PBXBuildFile; fileRef = F461B6161B39B41B00A0104F /* ViewController.swift */; };
		F461B61A1B39B41B00A0104F /* Main.storyboard in Resources */ = {isa = PBXBuildFile; fileRef = F461B6181B39B41B00A0104F /* Main.storyboard */; };
		F461B61C1B39B41B00A0104F /* Images.xcassets in Resources */ = {isa = PBXBuildFile; fileRef = F461B61B1B39B41B00A0104F /* Images.xcassets */; };
		F461B61F1B39B41B00A0104F /* LaunchScreen.xib in Resources */ = {isa = PBXBuildFile; fileRef = F461B61D1B39B41B00A0104F /* LaunchScreen.xib */; };
		F461B62B1B39B41B00A0104F /* AbstractAPITests.swift in Sources */ = {isa = PBXBuildFile; fileRef = F461B62A1B39B41B00A0104F /* AbstractAPITests.swift */; };
		F461B6451B39BAFD00A0104F /* Alamofire.framework in Frameworks */ = {isa = PBXBuildFile; fileRef = F461B6411B39BAFD00A0104F /* Alamofire.framework */; };
		F461B6461B39BAFD00A0104F /* Alamofire.framework in Embed Frameworks */ = {isa = PBXBuildFile; fileRef = F461B6411B39BAFD00A0104F /* Alamofire.framework */; settings = {ATTRIBUTES = (CodeSignOnCopy, RemoveHeadersOnCopy, ); }; };
		F461B6471B39BAFD00A0104F /* Box.framework in Frameworks */ = {isa = PBXBuildFile; fileRef = F461B6421B39BAFD00A0104F /* Box.framework */; };
		F461B6481B39BAFD00A0104F /* Box.framework in Embed Frameworks */ = {isa = PBXBuildFile; fileRef = F461B6421B39BAFD00A0104F /* Box.framework */; settings = {ATTRIBUTES = (CodeSignOnCopy, RemoveHeadersOnCopy, ); }; };
		F461B6491B39BAFD00A0104F /* ObjectMapper.framework in Frameworks */ = {isa = PBXBuildFile; fileRef = F461B6431B39BAFD00A0104F /* ObjectMapper.framework */; };
		F461B64A1B39BAFD00A0104F /* ObjectMapper.framework in Embed Frameworks */ = {isa = PBXBuildFile; fileRef = F461B6431B39BAFD00A0104F /* ObjectMapper.framework */; settings = {ATTRIBUTES = (CodeSignOnCopy, RemoveHeadersOnCopy, ); }; };
		F461B64B1B39BAFD00A0104F /* Result.framework in Frameworks */ = {isa = PBXBuildFile; fileRef = F461B6441B39BAFD00A0104F /* Result.framework */; };
		F461B64C1B39BAFD00A0104F /* Result.framework in Embed Frameworks */ = {isa = PBXBuildFile; fileRef = F461B6441B39BAFD00A0104F /* Result.framework */; settings = {ATTRIBUTES = (CodeSignOnCopy, RemoveHeadersOnCopy, ); }; };
		F461B64F1B39BB2600A0104F /* API.swift in Sources */ = {isa = PBXBuildFile; fileRef = F461B64E1B39BB2600A0104F /* API.swift */; };
/* End PBXBuildFile section */

/* Begin PBXContainerItemProxy section */
		F461B6251B39B41B00A0104F /* PBXContainerItemProxy */ = {
			isa = PBXContainerItemProxy;
			containerPortal = F461B6071B39B41B00A0104F /* Project object */;
			proxyType = 1;
			remoteGlobalIDString = F461B60E1B39B41B00A0104F;
			remoteInfo = AbstractAPI;
		};
/* End PBXContainerItemProxy section */

/* Begin PBXCopyFilesBuildPhase section */
		F461B6401B39BADB00A0104F /* Embed Frameworks */ = {
			isa = PBXCopyFilesBuildPhase;
			buildActionMask = 2147483647;
			dstPath = "";
			dstSubfolderSpec = 10;
			files = (
				F461B64A1B39BAFD00A0104F /* ObjectMapper.framework in Embed Frameworks */,
				F461B6481B39BAFD00A0104F /* Box.framework in Embed Frameworks */,
				F461B6461B39BAFD00A0104F /* Alamofire.framework in Embed Frameworks */,
				F461B64C1B39BAFD00A0104F /* Result.framework in Embed Frameworks */,
			);
			name = "Embed Frameworks";
			runOnlyForDeploymentPostprocessing = 0;
		};
/* End PBXCopyFilesBuildPhase section */

/* Begin PBXFileReference section */
		F461B60F1B39B41B00A0104F /* AbstractAPI.app */ = {isa = PBXFileReference; explicitFileType = wrapper.application; includeInIndex = 0; path = AbstractAPI.app; sourceTree = BUILT_PRODUCTS_DIR; };
		F461B6131B39B41B00A0104F /* Info.plist */ = {isa = PBXFileReference; lastKnownFileType = text.plist.xml; path = Info.plist; sourceTree = "<group>"; };
		F461B6141B39B41B00A0104F /* AppDelegate.swift */ = {isa = PBXFileReference; lastKnownFileType = sourcecode.swift; path = AppDelegate.swift; sourceTree = "<group>"; };
		F461B6161B39B41B00A0104F /* ViewController.swift */ = {isa = PBXFileReference; lastKnownFileType = sourcecode.swift; path = ViewController.swift; sourceTree = "<group>"; };
		F461B6191B39B41B00A0104F /* Base */ = {isa = PBXFileReference; lastKnownFileType = file.storyboard; name = Base; path = Base.lproj/Main.storyboard; sourceTree = "<group>"; };
		F461B61B1B39B41B00A0104F /* Images.xcassets */ = {isa = PBXFileReference; lastKnownFileType = folder.assetcatalog; path = Images.xcassets; sourceTree = "<group>"; };
		F461B61E1B39B41B00A0104F /* Base */ = {isa = PBXFileReference; lastKnownFileType = file.xib; name = Base; path = Base.lproj/LaunchScreen.xib; sourceTree = "<group>"; };
		F461B6241B39B41B00A0104F /* AbstractAPITests.xctest */ = {isa = PBXFileReference; explicitFileType = wrapper.cfbundle; includeInIndex = 0; path = AbstractAPITests.xctest; sourceTree = BUILT_PRODUCTS_DIR; };
		F461B6291B39B41B00A0104F /* Info.plist */ = {isa = PBXFileReference; lastKnownFileType = text.plist.xml; path = Info.plist; sourceTree = "<group>"; };
		F461B62A1B39B41B00A0104F /* AbstractAPITests.swift */ = {isa = PBXFileReference; lastKnownFileType = sourcecode.swift; path = AbstractAPITests.swift; sourceTree = "<group>"; };
		F461B6411B39BAFD00A0104F /* Alamofire.framework */ = {isa = PBXFileReference; lastKnownFileType = wrapper.framework; name = Alamofire.framework; path = Carthage/Build/iOS/Alamofire.framework; sourceTree = "<group>"; };
		F461B6421B39BAFD00A0104F /* Box.framework */ = {isa = PBXFileReference; lastKnownFileType = wrapper.framework; name = Box.framework; path = Carthage/Build/iOS/Box.framework; sourceTree = "<group>"; };
		F461B6431B39BAFD00A0104F /* ObjectMapper.framework */ = {isa = PBXFileReference; lastKnownFileType = wrapper.framework; name = ObjectMapper.framework; path = Carthage/Build/iOS/ObjectMapper.framework; sourceTree = "<group>"; };
		F461B6441B39BAFD00A0104F /* Result.framework */ = {isa = PBXFileReference; lastKnownFileType = wrapper.framework; name = Result.framework; path = Carthage/Build/iOS/Result.framework; sourceTree = "<group>"; };
		F461B64E1B39BB2600A0104F /* API.swift */ = {isa = PBXFileReference; fileEncoding = 4; lastKnownFileType = sourcecode.swift; path = API.swift; sourceTree = "<group>"; };
/* End PBXFileReference section */

/* Begin PBXFrameworksBuildPhase section */
		F461B60C1B39B41B00A0104F /* Frameworks */ = {
			isa = PBXFrameworksBuildPhase;
			buildActionMask = 2147483647;
			files = (
				F461B6491B39BAFD00A0104F /* ObjectMapper.framework in Frameworks */,
				F461B6471B39BAFD00A0104F /* Box.framework in Frameworks */,
				F461B6451B39BAFD00A0104F /* Alamofire.framework in Frameworks */,
				F461B64B1B39BAFD00A0104F /* Result.framework in Frameworks */,
			);
			runOnlyForDeploymentPostprocessing = 0;
		};
		F461B6211B39B41B00A0104F /* Frameworks */ = {
			isa = PBXFrameworksBuildPhase;
			buildActionMask = 2147483647;
			files = (
			);
			runOnlyForDeploymentPostprocessing = 0;
		};
/* End PBXFrameworksBuildPhase section */

/* Begin PBXGroup section */
		F461B6061B39B41B00A0104F = {
			isa = PBXGroup;
			children = (
				F461B6111B39B41B00A0104F /* AbstractAPI */,
				F461B6271B39B41B00A0104F /* AbstractAPITests */,
				F461B6101B39B41B00A0104F /* Products */,
				F461B64D1B39BB0700A0104F /* Frameworks */,
			);
			sourceTree = "<group>";
		};
		F461B6101B39B41B00A0104F /* Products */ = {
			isa = PBXGroup;
			children = (
				F461B60F1B39B41B00A0104F /* AbstractAPI.app */,
				F461B6241B39B41B00A0104F /* AbstractAPITests.xctest */,
			);
			name = Products;
			sourceTree = "<group>";
		};
		F461B6111B39B41B00A0104F /* AbstractAPI */ = {
			isa = PBXGroup;
			children = (
				F461B6141B39B41B00A0104F /* AppDelegate.swift */,
				F461B6161B39B41B00A0104F /* ViewController.swift */,
				F461B64E1B39BB2600A0104F /* API.swift */,
				F461B6181B39B41B00A0104F /* Main.storyboard */,
				F461B61B1B39B41B00A0104F /* Images.xcassets */,
				F461B61D1B39B41B00A0104F /* LaunchScreen.xib */,
				F461B6121B39B41B00A0104F /* Supporting Files */,
			);
			path = AbstractAPI;
			sourceTree = "<group>";
		};
		F461B6121B39B41B00A0104F /* Supporting Files */ = {
			isa = PBXGroup;
			children = (
				F461B6131B39B41B00A0104F /* Info.plist */,
			);
			name = "Supporting Files";
			sourceTree = "<group>";
		};
		F461B6271B39B41B00A0104F /* AbstractAPITests */ = {
			isa = PBXGroup;
			children = (
				F461B62A1B39B41B00A0104F /* AbstractAPITests.swift */,
				F461B6281B39B41B00A0104F /* Supporting Files */,
			);
			path = AbstractAPITests;
			sourceTree = "<group>";
		};
		F461B6281B39B41B00A0104F /* Supporting Files */ = {
			isa = PBXGroup;
			children = (
				F461B6291B39B41B00A0104F /* Info.plist */,
			);
			name = "Supporting Files";
			sourceTree = "<group>";
		};
		F461B64D1B39BB0700A0104F /* Frameworks */ = {
			isa = PBXGroup;
			children = (
				F461B6411B39BAFD00A0104F /* Alamofire.framework */,
				F461B6421B39BAFD00A0104F /* Box.framework */,
				F461B6431B39BAFD00A0104F /* ObjectMapper.framework */,
				F461B6441B39BAFD00A0104F /* Result.framework */,
			);
			name = Frameworks;
			sourceTree = "<group>";
		};
/* End PBXGroup section */

/* Begin PBXNativeTarget section */
		F461B60E1B39B41B00A0104F /* AbstractAPI */ = {
			isa = PBXNativeTarget;
			buildConfigurationList = F461B62E1B39B41B00A0104F /* Build configuration list for PBXNativeTarget "AbstractAPI" */;
			buildPhases = (
				F461B60B1B39B41B00A0104F /* Sources */,
				F461B60C1B39B41B00A0104F /* Frameworks */,
				F461B60D1B39B41B00A0104F /* Resources */,
				F461B6401B39BADB00A0104F /* Embed Frameworks */,
			);
			buildRules = (
			);
			dependencies = (
			);
			name = AbstractAPI;
			productName = AbstractAPI;
			productReference = F461B60F1B39B41B00A0104F /* AbstractAPI.app */;
			productType = "com.apple.product-type.application";
		};
		F461B6231B39B41B00A0104F /* AbstractAPITests */ = {
			isa = PBXNativeTarget;
			buildConfigurationList = F461B6311B39B41B00A0104F /* Build configuration list for PBXNativeTarget "AbstractAPITests" */;
			buildPhases = (
				F461B6201B39B41B00A0104F /* Sources */,
				F461B6211B39B41B00A0104F /* Frameworks */,
				F461B6221B39B41B00A0104F /* Resources */,
			);
			buildRules = (
			);
			dependencies = (
				F461B6261B39B41B00A0104F /* PBXTargetDependency */,
			);
			name = AbstractAPITests;
			productName = AbstractAPITests;
			productReference = F461B6241B39B41B00A0104F /* AbstractAPITests.xctest */;
			productType = "com.apple.product-type.bundle.unit-test";
		};
/* End PBXNativeTarget section */

/* Begin PBXProject section */
		F461B6071B39B41B00A0104F /* Project object */ = {
			isa = PBXProject;
			attributes = {
				LastUpgradeCheck = 0630;
				ORGANIZATIONNAME = "Masaki EBATA";
				TargetAttributes = {
					F461B60E1B39B41B00A0104F = {
						CreatedOnToolsVersion = 6.3.2;
					};
					F461B6231B39B41B00A0104F = {
						CreatedOnToolsVersion = 6.3.2;
						TestTargetID = F461B60E1B39B41B00A0104F;
					};
				};
			};
			buildConfigurationList = F461B60A1B39B41B00A0104F /* Build configuration list for PBXProject "AbstractAPI" */;
			compatibilityVersion = "Xcode 3.2";
			developmentRegion = English;
			hasScannedForEncodings = 0;
			knownRegions = (
				en,
				Base,
			);
			mainGroup = F461B6061B39B41B00A0104F;
			productRefGroup = F461B6101B39B41B00A0104F /* Products */;
			projectDirPath = "";
			projectRoot = "";
			targets = (
				F461B60E1B39B41B00A0104F /* AbstractAPI */,
				F461B6231B39B41B00A0104F /* AbstractAPITests */,
			);
		};
/* End PBXProject section */

/* Begin PBXResourcesBuildPhase section */
		F461B60D1B39B41B00A0104F /* Resources */ = {
			isa = PBXResourcesBuildPhase;
			buildActionMask = 2147483647;
			files = (
				F461B61A1B39B41B00A0104F /* Main.storyboard in Resources */,
				F461B61F1B39B41B00A0104F /* LaunchScreen.xib in Resources */,
				F461B61C1B39B41B00A0104F /* Images.xcassets in Resources */,
			);
			runOnlyForDeploymentPostprocessing = 0;
		};
		F461B6221B39B41B00A0104F /* Resources */ = {
			isa = PBXResourcesBuildPhase;
			buildActionMask = 2147483647;
			files = (
			);
			runOnlyForDeploymentPostprocessing = 0;
		};
/* End PBXResourcesBuildPhase section */

/* Begin PBXSourcesBuildPhase section */
		F461B60B1B39B41B00A0104F /* Sources */ = {
			isa = PBXSourcesBuildPhase;
			buildActionMask = 2147483647;
			files = (
				F461B6171B39B41B00A0104F /* ViewController.swift in Sources */,
				F461B64F1B39BB2600A0104F /* API.swift in Sources */,
				F461B6151B39B41B00A0104F /* AppDelegate.swift in Sources */,
			);
			runOnlyForDeploymentPostprocessing = 0;
		};
		F461B6201B39B41B00A0104F /* Sources */ = {
			isa = PBXSourcesBuildPhase;
			buildActionMask = 2147483647;
			files = (
				F461B62B1B39B41B00A0104F /* AbstractAPITests.swift in Sources */,
			);
			runOnlyForDeploymentPostprocessing = 0;
		};
/* End PBXSourcesBuildPhase section */

/* Begin PBXTargetDependency section */
		F461B6261B39B41B00A0104F /* PBXTargetDependency */ = {
			isa = PBXTargetDependency;
			target = F461B60E1B39B41B00A0104F /* AbstractAPI */;
			targetProxy = F461B6251B39B41B00A0104F /* PBXContainerItemProxy */;
		};
/* End PBXTargetDependency section */

/* Begin PBXVariantGroup section */
		F461B6181B39B41B00A0104F /* Main.storyboard */ = {
			isa = PBXVariantGroup;
			children = (
				F461B6191B39B41B00A0104F /* Base */,
			);
			name = Main.storyboard;
			sourceTree = "<group>";
		};
		F461B61D1B39B41B00A0104F /* LaunchScreen.xib */ = {
			isa = PBXVariantGroup;
			children = (
				F461B61E1B39B41B00A0104F /* Base */,
			);
			name = LaunchScreen.xib;
			sourceTree = "<group>";
		};
/* End PBXVariantGroup section */

/* Begin XCBuildConfiguration section */
		F461B62C1B39B41B00A0104F /* Debug */ = {
			isa = XCBuildConfiguration;
			buildSettings = {
				ALWAYS_SEARCH_USER_PATHS = NO;
				CLANG_CXX_LANGUAGE_STANDARD = "gnu++0x";
				CLANG_CXX_LIBRARY = "libc++";
				CLANG_ENABLE_MODULES = YES;
				CLANG_ENABLE_OBJC_ARC = YES;
				CLANG_WARN_BOOL_CONVERSION = YES;
				CLANG_WARN_CONSTANT_CONVERSION = YES;
				CLANG_WARN_DIRECT_OBJC_ISA_USAGE = YES_ERROR;
				CLANG_WARN_EMPTY_BODY = YES;
				CLANG_WARN_ENUM_CONVERSION = YES;
				CLANG_WARN_INT_CONVERSION = YES;
				CLANG_WARN_OBJC_ROOT_CLASS = YES_ERROR;
				CLANG_WARN_UNREACHABLE_CODE = YES;
				CLANG_WARN__DUPLICATE_METHOD_MATCH = YES;
				"CODE_SIGN_IDENTITY[sdk=iphoneos*]" = "iPhone Developer";
				COPY_PHASE_STRIP = NO;
				DEBUG_INFORMATION_FORMAT = "dwarf-with-dsym";
				ENABLE_STRICT_OBJC_MSGSEND = YES;
				GCC_C_LANGUAGE_STANDARD = gnu99;
				GCC_DYNAMIC_NO_PIC = NO;
				GCC_NO_COMMON_BLOCKS = YES;
				GCC_OPTIMIZATION_LEVEL = 0;
				GCC_PREPROCESSOR_DEFINITIONS = (
					"DEBUG=1",
					"$(inherited)",
				);
				GCC_SYMBOLS_PRIVATE_EXTERN = NO;
				GCC_WARN_64_TO_32_BIT_CONVERSION = YES;
				GCC_WARN_ABOUT_RETURN_TYPE = YES_ERROR;
				GCC_WARN_UNDECLARED_SELECTOR = YES;
				GCC_WARN_UNINITIALIZED_AUTOS = YES_AGGRESSIVE;
				GCC_WARN_UNUSED_FUNCTION = YES;
				GCC_WARN_UNUSED_VARIABLE = YES;
				IPHONEOS_DEPLOYMENT_TARGET = 8.3;
				MTL_ENABLE_DEBUG_INFO = YES;
				ONLY_ACTIVE_ARCH = YES;
				SDKROOT = iphoneos;
				SWIFT_OPTIMIZATION_LEVEL = "-Onone";
			};
			name = Debug;
		};
		F461B62D1B39B41B00A0104F /* Release */ = {
			isa = XCBuildConfiguration;
			buildSettings = {
				ALWAYS_SEARCH_USER_PATHS = NO;
				CLANG_CXX_LANGUAGE_STANDARD = "gnu++0x";
				CLANG_CXX_LIBRARY = "libc++";
				CLANG_ENABLE_MODULES = YES;
				CLANG_ENABLE_OBJC_ARC = YES;
				CLANG_WARN_BOOL_CONVERSION = YES;
				CLANG_WARN_CONSTANT_CONVERSION = YES;
				CLANG_WARN_DIRECT_OBJC_ISA_USAGE = YES_ERROR;
				CLANG_WARN_EMPTY_BODY = YES;
				CLANG_WARN_ENUM_CONVERSION = YES;
				CLANG_WARN_INT_CONVERSION = YES;
				CLANG_WARN_OBJC_ROOT_CLASS = YES_ERROR;
				CLANG_WARN_UNREACHABLE_CODE = YES;
				CLANG_WARN__DUPLICATE_METHOD_MATCH = YES;
				"CODE_SIGN_IDENTITY[sdk=iphoneos*]" = "iPhone Developer";
				COPY_PHASE_STRIP = NO;
				DEBUG_INFORMATION_FORMAT = "dwarf-with-dsym";
				ENABLE_NS_ASSERTIONS = NO;
				ENABLE_STRICT_OBJC_MSGSEND = YES;
				GCC_C_LANGUAGE_STANDARD = gnu99;
				GCC_NO_COMMON_BLOCKS = YES;
				GCC_WARN_64_TO_32_BIT_CONVERSION = YES;
				GCC_WARN_ABOUT_RETURN_TYPE = YES_ERROR;
				GCC_WARN_UNDECLARED_SELECTOR = YES;
				GCC_WARN_UNINITIALIZED_AUTOS = YES_AGGRESSIVE;
				GCC_WARN_UNUSED_FUNCTION = YES;
				GCC_WARN_UNUSED_VARIABLE = YES;
				IPHONEOS_DEPLOYMENT_TARGET = 8.3;
				MTL_ENABLE_DEBUG_INFO = NO;
				SDKROOT = iphoneos;
				VALIDATE_PRODUCT = YES;
			};
			name = Release;
		};
		F461B62F1B39B41B00A0104F /* Debug */ = {
			isa = XCBuildConfiguration;
			buildSettings = {
				ASSETCATALOG_COMPILER_APPICON_NAME = AppIcon;
				"CODE_SIGN_IDENTITY[sdk=iphoneos*]" = "iPhone Distribution";
				FRAMEWORK_SEARCH_PATHS = (
					"$(inherited)",
					"$(PROJECT_DIR)/Carthage/Build/iOS",
				);
				INFOPLIST_FILE = AbstractAPI/Info.plist;
				LD_RUNPATH_SEARCH_PATHS = "$(inherited) @executable_path/Frameworks";
				PRODUCT_NAME = "$(TARGET_NAME)";
			};
			name = Debug;
		};
		F461B6301B39B41B00A0104F /* Release */ = {
			isa = XCBuildConfiguration;
			buildSettings = {
				ASSETCATALOG_COMPILER_APPICON_NAME = AppIcon;
				"CODE_SIGN_IDENTITY[sdk=iphoneos*]" = "iPhone Distribution";
				FRAMEWORK_SEARCH_PATHS = (
					"$(inherited)",
					"$(PROJECT_DIR)/Carthage/Build/iOS",
				);
				INFOPLIST_FILE = AbstractAPI/Info.plist;
				LD_RUNPATH_SEARCH_PATHS = "$(inherited) @executable_path/Frameworks";
				PRODUCT_NAME = "$(TARGET_NAME)";
			};
			name = Release;
		};
		F461B6321B39B41B00A0104F /* Debug */ = {
			isa = XCBuildConfiguration;
			buildSettings = {
				BUNDLE_LOADER = "$(TEST_HOST)";
				FRAMEWORK_SEARCH_PATHS = (
					"$(SDKROOT)/Developer/Library/Frameworks",
					"$(inherited)",
				);
				GCC_PREPROCESSOR_DEFINITIONS = (
					"DEBUG=1",
					"$(inherited)",
				);
				INFOPLIST_FILE = AbstractAPITests/Info.plist;
				LD_RUNPATH_SEARCH_PATHS = "$(inherited) @executable_path/Frameworks @loader_path/Frameworks";
				PRODUCT_NAME = "$(TARGET_NAME)";
				TEST_HOST = "$(BUILT_PRODUCTS_DIR)/AbstractAPI.app/AbstractAPI";
			};
			name = Debug;
		};
		F461B6331B39B41B00A0104F /* Release */ = {
			isa = XCBuildConfiguration;
			buildSettings = {
				BUNDLE_LOADER = "$(TEST_HOST)";
				FRAMEWORK_SEARCH_PATHS = (
					"$(SDKROOT)/Developer/Library/Frameworks",
					"$(inherited)",
				);
				INFOPLIST_FILE = AbstractAPITests/Info.plist;
				LD_RUNPATH_SEARCH_PATHS = "$(inherited) @executable_path/Frameworks @loader_path/Frameworks";
				PRODUCT_NAME = "$(TARGET_NAME)";
				TEST_HOST = "$(BUILT_PRODUCTS_DIR)/AbstractAPI.app/AbstractAPI";
			};
			name = Release;
		};
/* End XCBuildConfiguration section */

/* Begin XCConfigurationList section */
		F461B60A1B39B41B00A0104F /* Build configuration list for PBXProject "AbstractAPI" */ = {
			isa = XCConfigurationList;
			buildConfigurations = (
				F461B62C1B39B41B00A0104F /* Debug */,
				F461B62D1B39B41B00A0104F /* Release */,
			);
			defaultConfigurationIsVisible = 0;
			defaultConfigurationName = Release;
		};
		F461B62E1B39B41B00A0104F /* Build configuration list for PBXNativeTarget "AbstractAPI" */ = {
			isa = XCConfigurationList;
			buildConfigurations = (
				F461B62F1B39B41B00A0104F /* Debug */,
				F461B6301B39B41B00A0104F /* Release */,
			);
			defaultConfigurationIsVisible = 0;
		};
		F461B6311B39B41B00A0104F /* Build configuration list for PBXNativeTarget "AbstractAPITests" */ = {
			isa = XCConfigurationList;
			buildConfigurations = (
				F461B6321B39B41B00A0104F /* Debug */,
				F461B6331B39B41B00A0104F /* Release */,
			);
			defaultConfigurationIsVisible = 0;
		};
/* End XCConfigurationList section */
	};
	rootObject = F461B6071B39B41B00A0104F /* Project object */;
}
